{
  "name": "@wish/fe-utils",
  "version": "0.0.1-beta.05",
  "lockfileVersion": 3,
  "requires": true,
  "packages": {
    "": {
      "name": "@wish/fe-utils",
      "version": "0.0.1-beta.05",
      "license": "MIT",
      "dependencies": {
        "classnames": "^2.3.1",
        "dayjs": "^1.10.7",
        "jed": "^1.1.1"
      }
    },
    "node_modules/classnames": {
      "version": "2.3.1",
      "resolved": "http://npm.bjs.i.wish.com/classnames/-/classnames-2.3.1.tgz",
      "integrity": "sha512-OlQdbZ7gLfGarSqxesMesDa5uz7KFbID8Kpq/SxIoNGDqY8lSYs0D+hhtBXhcdB3rcbXArFr7vlHheLk1voeNA==",
      "license": "MIT"
    },
    "node_modules/dayjs": {
      "version": "1.10.7",
      "resolved": "http://npm.bjs.i.wish.com/dayjs/-/dayjs-1.10.7.tgz",
      "integrity": "sha512-P6twpd70BcPK34K26uJ1KT3wlhpuOAPoMwJzpsIWUxHZ7wpmbdZL/hQqBDfz7hGurYSa5PhzdhDHtt319hL3ig==",
      "license": "MIT"
    },
    "node_modules/jed": {
      "version": "1.1.1",
      "resolved": "https://npm.infra.wish-cn.com/jed/-/jed-1.1.1.tgz",
      "integrity": "sha512-z35ZSEcXHxLW4yumw0dF6L464NT36vmx3wxJw8MDpraBcWuNVgUPZgPJKcu1HekNgwlMFNqol7i/IpSbjhqwqA==",
      "license": "MIT"
    }
  }
}
